Microsoft Visual Studio Solution File, Format Version 12.00
# Visual Studio Version 17
VisualStudioVersion = 17.5.2.0
MinimumVisualStudioVersion = 10.0.40219.1
Project("{FAE04EC0-301F-11D3-BF4B-00C04F79EFBC}") = "LISD", "LISD.csproj", "{744922F9-37F7-B223-D8E1-4B103C49564B}"
EndProject
Global
	GlobalSection(SolutionConfigurationPlatforms) = preSolution
		Debug|Any CPU = Debug|Any CPU
		Release|Any CPU = Release|Any CPU
	EndGlobalSection
	GlobalSection(ProjectConfigurationPlatforms) = postSolution
		{744922F9-37F7-B223-D8E1-4B103C49564B}.Debug|Any CPU.ActiveCfg = Debug|Any CPU
		{744922F9-37F7-B223-D8E1-4B103C49564B}.Debug|Any CPU.Build.0 = Debug|Any CPU
		{744922F9-37F7-B223-D8E1-4B103C49564B}.Release|Any CPU.ActiveCfg = Release|Any CPU
		{744922F9-37F7-B223-D8E1-4B103C49564B}.Release|Any CPU.Build.0 = Release|Any CPU
	EndGlobalSection
	GlobalSection(SolutionProperties) = preSolution
		HideSolutionNode = FALSE
	EndGlobalSection
	GlobalSection(ExtensibilityGlobals) = postSolution
		SolutionGuid = {6FDEAD06-BAA9-43A1-800C-121BB6F9FDE9}
	EndGlobalSection
EndGlobal
